
Microsoft Visual Studio Solution File, Format Version 12.00
# Visual Studio Version 17
VisualStudioVersion = 17.12.35707.178
MinimumVisualStudioVersion = 10.0.40219.1
Project("{FAE04EC0-301F-11D3-BF4B-00C04F79EFBC}") = "01", "01\01.csproj", "{EE51AAED-AC05-4C1B-A957-8BA6F7297A7D}"
EndProject
Project("{FAE04EC0-301F-11D3-BF4B-00C04F79EFBC}") = "02", "02\02.csproj", "{615780FA-DC89-4DA2-9F5F-4DF88A3D7863}"
EndProject
Project("{FAE04EC0-301F-11D3-BF4B-00C04F79EFBC}") = "03", "03\03.csproj", "{83311818-22E7-42DF-9C6C-4C399CFF671C}"
EndProject
Project("{FAE04EC0-301F-11D3-BF4B-00C04F79EFBC}") = "04", "04\04.csproj", "{A1C1A9B9-3053-4128-B5FD-6D719808FE41}"
EndProject
Global
	GlobalSection(SolutionConfigurationPlatforms) = preSolution
		Debug|Any CPU = Debug|Any CPU
		Release|Any CPU = Release|Any CPU
	EndGlobalSection
	GlobalSection(ProjectConfigurationPlatforms) = postSolution
		{EE51AAED-AC05-4C1B-A957-8BA6F7297A7D}.Debug|Any CPU.ActiveCfg = Debug|Any CPU
		{EE51AAED-AC05-4C1B-A957-8BA6F7297A7D}.Debug|Any CPU.Build.0 = Debug|Any CPU
		{EE51AAED-AC05-4C1B-A957-8BA6F7297A7D}.Release|Any CPU.ActiveCfg = Release|Any CPU
		{EE51AAED-AC05-4C1B-A957-8BA6F7297A7D}.Release|Any CPU.Build.0 = Release|Any CPU
		{615780FA-DC89-4DA2-9F5F-4DF88A3D7863}.Debug|Any CPU.ActiveCfg = Debug|Any CPU
		{615780FA-DC89-4DA2-9F5F-4DF88A3D7863}.Debug|Any CPU.Build.0 = Debug|Any CPU
		{615780FA-DC89-4DA2-9F5F-4DF88A3D7863}.Release|Any CPU.ActiveCfg = Release|Any CPU
		{615780FA-DC89-4DA2-9F5F-4DF88A3D7863}.Release|Any CPU.Build.0 = Release|Any CPU
		{83311818-22E7-42DF-9C6C-4C399CFF671C}.Debug|Any CPU.ActiveCfg = Debug|Any CPU
		{83311818-22E7-42DF-9C6C-4C399CFF671C}.Debug|Any CPU.Build.0 = Debug|Any CPU
		{83311818-22E7-42DF-9C6C-4C399CFF671C}.Release|Any CPU.ActiveCfg = Release|Any CPU
		{83311818-22E7-42DF-9C6C-4C399CFF671C}.Release|Any CPU.Build.0 = Release|Any CPU
		{A1C1A9B9-3053-4128-B5FD-6D719808FE41}.Debug|Any CPU.ActiveCfg = Debug|Any CPU
		{A1C1A9B9-3053-4128-B5FD-6D719808FE41}.Debug|Any CPU.Build.0 = Debug|Any CPU
		{A1C1A9B9-3053-4128-B5FD-6D719808FE41}.Release|Any CPU.ActiveCfg = Release|Any CPU
		{A1C1A9B9-3053-4128-B5FD-6D719808FE41}.Release|Any CPU.Build.0 = Release|Any CPU
	EndGlobalSection
	GlobalSection(SolutionProperties) = preSolution
		HideSolutionNode = FALSE
	EndGlobalSection
EndGlobal
