
Microsoft Visual Studio Solution File, Format Version 12.00
# Visual Studio Version 17
VisualStudioVersion = 17.12.35707.178 d17.12
MinimumVisualStudioVersion = 10.0.40219.1
Project("{FAE04EC0-301F-11D3-BF4B-00C04F79EFBC}") = "ClientApp", "ClientApp.csproj", "{13A706DC-EA2A-439F-B7CC-7B7F02E0F6A4}"
EndProject
Project("{FAE04EC0-301F-11D3-BF4B-00C04F79EFBC}") = "ServerApp", "..\ServerApp\ServerApp.csproj", "{1C6B9C49-04F3-4907-9FE6-E9A026377C05}"
EndProject
Global
	GlobalSection(SolutionConfigurationPlatforms) = preSolution
		Debug|Any CPU = Debug|Any CPU
		Release|Any CPU = Release|Any CPU
	EndGlobalSection
	GlobalSection(ProjectConfigurationPlatforms) = postSolution
		{13A706DC-EA2A-439F-B7CC-7B7F02E0F6A4}.Debug|Any CPU.ActiveCfg = Debug|Any CPU
		{13A706DC-EA2A-439F-B7CC-7B7F02E0F6A4}.Debug|Any CPU.Build.0 = Debug|Any CPU
		{13A706DC-EA2A-439F-B7CC-7B7F02E0F6A4}.Release|Any CPU.ActiveCfg = Release|Any CPU
		{13A706DC-EA2A-439F-B7CC-7B7F02E0F6A4}.Release|Any CPU.Build.0 = Release|Any CPU
		{1C6B9C49-04F3-4907-9FE6-E9A026377C05}.Debug|Any CPU.ActiveCfg = Debug|Any CPU
		{1C6B9C49-04F3-4907-9FE6-E9A026377C05}.Debug|Any CPU.Build.0 = Debug|Any CPU
		{1C6B9C49-04F3-4907-9FE6-E9A026377C05}.Release|Any CPU.ActiveCfg = Release|Any CPU
		{1C6B9C49-04F3-4907-9FE6-E9A026377C05}.Release|Any CPU.Build.0 = Release|Any CPU
	EndGlobalSection
	GlobalSection(SolutionProperties) = preSolution
		HideSolutionNode = FALSE
	EndGlobalSection
EndGlobal
